{
    "name": "desktop",
    "version": "1.0.0",
    "lockfileVersion": 2,
    "requires": true,
    "packages": {
        "": {
            "name": "desktop",
            "version": "1.0.0",
            "license": "ISC",
            "dependencies": {
                "ascii-table": "^0.0.9",
                "get-random-values": "^3.0.0",
                "readline-sync": "^1.4.10"
            }
        },
        "node_modules/ascii-table": {
            "version": "0.0.9",
            "resolved": "https://registry.npmjs.org/ascii-table/-/ascii-table-0.0.9.tgz",
            "integrity": "sha512-xpkr6sCDIYTPqzvjG8M3ncw1YOTaloWZOyrUmicoEifBEKzQzt+ooUpRpQ/AbOoJfO/p2ZKiyp79qHThzJDulQ=="
        },
        "node_modules/dom-walk": {
            "version": "0.1.2",
            "resolved": "https://registry.npmjs.org/dom-walk/-/dom-walk-0.1.2.tgz",
            "integrity": "sha512-6QvTW9mrGeIegrFXdtQi9pk7O/nSK6lSdXW2eqUspN5LWD7UTji2Fqw5V2YLjBpHEoU9Xl/eUWNpDeZvoyOv2w=="
        },
        "node_modules/get-random-values": {
            "version": "3.0.0",
            "resolved": "https://registry.npmjs.org/get-random-values/-/get-random-values-3.0.0.tgz",
            "integrity": "sha512-mNznaBdYcpz7UAdnOtDGcLdNwAa79mXl5htEyyZ51YaeAWNf2g4x/2yCVBdNNTbi35wX0Stc2PJXM7G6rcONOA==",
            "dependencies": {
                "global": "^4.4.0"
            },
            "engines": {
                "node": "18 || >=20"
            }
        },
        "node_modules/global": {
            "version": "4.4.0",
            "resolved": "https://registry.npmjs.org/global/-/global-4.4.0.tgz",
            "integrity": "sha512-wv/LAoHdRE3BeTGz53FAamhGlPLhlssK45usmGFThIi4XqnBmjKQ16u+RNbP7WvigRZDxUsM0J3gcQ5yicaL0w==",
            "dependencies": {
                "min-document": "^2.19.0",
                "process": "^0.11.10"
            }
        },
        "node_modules/min-document": {
            "version": "2.19.0",
            "resolved": "https://registry.npmjs.org/min-document/-/min-document-2.19.0.tgz",
            "integrity": "sha512-9Wy1B3m3f66bPPmU5hdA4DR4PB2OfDU/+GS3yAB7IQozE3tqXaVv2zOjgla7MEGSRv95+ILmOuvhLkOK6wJtCQ==",
            "dependencies": {
                "dom-walk": "^0.1.0"
            }
        },
        "node_modules/process": {
            "version": "0.11.10",
            "resolved": "https://registry.npmjs.org/process/-/process-0.11.10.tgz",
            "integrity": "sha512-cdGef/drWFoydD1JsMzuFf8100nZl+GT+yacc2bEced5f9Rjk4z+WtFUTBu9PhOi9j/jfmBPu0mMEY4wIdAF8A==",
            "engines": {
                "node": ">= 0.6.0"
            }
        },
        "node_modules/readline-sync": {
            "version": "1.4.10",
            "resolved": "https://registry.npmjs.org/readline-sync/-/readline-sync-1.4.10.tgz",
            "integrity": "sha512-gNva8/6UAe8QYepIQH/jQ2qn91Qj0B9sYjMBBs3QOB8F2CXcKgLxQaJRP76sWVRQt+QU+8fAkCbCvjjMFu7Ycw==",
            "engines": {
                "node": ">= 0.8.0"
            }
        }
    },
    "dependencies": {
        "ascii-table": {
            "version": "0.0.9",
            "resolved": "https://registry.npmjs.org/ascii-table/-/ascii-table-0.0.9.tgz",
            "integrity": "sha512-xpkr6sCDIYTPqzvjG8M3ncw1YOTaloWZOyrUmicoEifBEKzQzt+ooUpRpQ/AbOoJfO/p2ZKiyp79qHThzJDulQ=="
        },
        "dom-walk": {
            "version": "0.1.2",
            "resolved": "https://registry.npmjs.org/dom-walk/-/dom-walk-0.1.2.tgz",
            "integrity": "sha512-6QvTW9mrGeIegrFXdtQi9pk7O/nSK6lSdXW2eqUspN5LWD7UTji2Fqw5V2YLjBpHEoU9Xl/eUWNpDeZvoyOv2w=="
        },
        "get-random-values": {
            "version": "3.0.0",
            "resolved": "https://registry.npmjs.org/get-random-values/-/get-random-values-3.0.0.tgz",
            "integrity": "sha512-mNznaBdYcpz7UAdnOtDGcLdNwAa79mXl5htEyyZ51YaeAWNf2g4x/2yCVBdNNTbi35wX0Stc2PJXM7G6rcONOA==",
            "requires": {
                "global": "^4.4.0"
            }
        },
        "global": {
            "version": "4.4.0",
            "resolved": "https://registry.npmjs.org/global/-/global-4.4.0.tgz",
            "integrity": "sha512-wv/LAoHdRE3BeTGz53FAamhGlPLhlssK45usmGFThIi4XqnBmjKQ16u+RNbP7WvigRZDxUsM0J3gcQ5yicaL0w==",
            "requires": {
                "min-document": "^2.19.0",
                "process": "^0.11.10"
            }
        },
        "min-document": {
            "version": "2.19.0",
            "resolved": "https://registry.npmjs.org/min-document/-/min-document-2.19.0.tgz",
            "integrity": "sha512-9Wy1B3m3f66bPPmU5hdA4DR4PB2OfDU/+GS3yAB7IQozE3tqXaVv2zOjgla7MEGSRv95+ILmOuvhLkOK6wJtCQ==",
            "requires": {
                "dom-walk": "^0.1.0"
            }
        },
        "process": {
            "version": "0.11.10",
            "resolved": "https://registry.npmjs.org/process/-/process-0.11.10.tgz",
            "integrity": "sha512-cdGef/drWFoydD1JsMzuFf8100nZl+GT+yacc2bEced5f9Rjk4z+WtFUTBu9PhOi9j/jfmBPu0mMEY4wIdAF8A=="
        },
        "readline-sync": {
            "version": "1.4.10",
            "resolved": "https://registry.npmjs.org/readline-sync/-/readline-sync-1.4.10.tgz",
            "integrity": "sha512-gNva8/6UAe8QYepIQH/jQ2qn91Qj0B9sYjMBBs3QOB8F2CXcKgLxQaJRP76sWVRQt+QU+8fAkCbCvjjMFu7Ycw=="
        }
    }
}
